PODS:
  - FMDB (2.7.10):
    - FMDB/standard (= 2.7.10)
  - FMDB/standard (2.7.10)
  - SWFMDB (0.0.1):
    - FMDB

DEPENDENCIES:
  - SWFMDB (from `../`)

SPEC REPOS:
  https://github.com/CocoaPods/Specs.git:
    - FMDB

EXTERNAL SOURCES:
  SWFMDB:
    :path: "../"

SPEC CHECKSUMS:
  FMDB: eae540775bf7d0c87a5af926ae37af69effe5a19
  SWFMDB: 656994c276918c98050aa4c4f6fcaed8c07b8f1e

PODFILE CHECKSUM: 372aa3e08dd31376e1fa6e413cfa489c49c885bc

COCOAPODS: 1.15.2
